
Microsoft Visual Studio Solution File, Format Version 12.00
# Visual Studio Version 16
VisualStudioVersion = 16.0.32228.343
MinimumVisualStudioVersion = 10.0.40219.1
Project("{FAE04EC0-301F-11D3-BF4B-00C04F79EFBC}") = "Proyecto_M3", "Proyecto_M3\Proyecto_M3.csproj", "{7D104CB7-4A70-4CCA-B339-AE0C70F582AD}"
EndProject
Global
	GlobalSection(SolutionConfigurationPlatforms) = preSolution
		Debug|Any CPU = Debug|Any CPU
		Release|Any CPU = Release|Any CPU
	EndGlobalSection
	GlobalSection(ProjectConfigurationPlatforms) = postSolution
		{7D104CB7-4A70-4CCA-B339-AE0C70F582AD}.Debug|Any CPU.ActiveCfg = Debug|Any CPU
		{7D104CB7-4A70-4CCA-B339-AE0C70F582AD}.Debug|Any CPU.Build.0 = Debug|Any CPU
		{7D104CB7-4A70-4CCA-B339-AE0C70F582AD}.Release|Any CPU.ActiveCfg = Release|Any CPU
		{7D104CB7-4A70-4CCA-B339-AE0C70F582AD}.Release|Any CPU.Build.0 = Release|Any CPU
	EndGlobalSection
	GlobalSection(SolutionProperties) = preSolution
		HideSolutionNode = FALSE
	EndGlobalSection
	GlobalSection(ExtensibilityGlobals) = postSolution
		SolutionGuid = {DB273928-822F-4F82-981C-3FF844D8E640}
	EndGlobalSection
EndGlobal
